
Microsoft Visual Studio Solution File, Format Version 12.00
# Visual Studio Version 17
VisualStudioVersion = 17.0.31903.59
MinimumVisualStudioVersion = 10.0.40219.1
Project("{2150E333-8FDC-42A3-9474-1A3956D46DE8}") = "src", "src", "{4FC0A1BC-6E17-4A3E-AF9C-4CEB51719748}"
EndProject
Project("{FAE04EC0-301F-11D3-BF4B-00C04F79EFBC}") = "FileStorageApi", "src\FileStorageApi\FileStorageApi.csproj", "{8B2F617E-3423-43E5-A28E-A74BF4D81205}"
EndProject
Global
	GlobalSection(SolutionConfigurationPlatforms) = preSolution
		Debug|Any CPU = Debug|Any CPU
		Release|Any CPU = Release|Any CPU
	EndGlobalSection
	GlobalSection(SolutionProperties) = preSolution
		HideSolutionNode = FALSE
	EndGlobalSection
	GlobalSection(ProjectConfigurationPlatforms) = postSolution
		{8B2F617E-3423-43E5-A28E-A74BF4D81205}.Debug|Any CPU.ActiveCfg = Debug|Any CPU
		{8B2F617E-3423-43E5-A28E-A74BF4D81205}.Debug|Any CPU.Build.0 = Debug|Any CPU
		{8B2F617E-3423-43E5-A28E-A74BF4D81205}.Release|Any CPU.ActiveCfg = Release|Any CPU
		{8B2F617E-3423-43E5-A28E-A74BF4D81205}.Release|Any CPU.Build.0 = Release|Any CPU
	EndGlobalSection
	GlobalSection(NestedProjects) = preSolution
		{8B2F617E-3423-43E5-A28E-A74BF4D81205} = {4FC0A1BC-6E17-4A3E-AF9C-4CEB51719748}
	EndGlobalSection
EndGlobal
